
Microsoft Visual Studio Solution File, Format Version 12.00
Project("{FAE04EC0-301F-11D3-BF4B-00C04F79EFBC}") = "Pseudoku.Solver", "Pseudoku.Solver\Pseudoku.Solver.csproj", "{EA5C61EB-A93A-40E1-B4BA-8F70DE630D9A}"
EndProject
Global
	GlobalSection(SolutionConfigurationPlatforms) = preSolution
		Debug|Any CPU = Debug|Any CPU
		Release|Any CPU = Release|Any CPU
	EndGlobalSection
	GlobalSection(ProjectConfigurationPlatforms) = postSolution
		{EA5C61EB-A93A-40E1-B4BA-8F70DE630D9A}.Debug|Any CPU.ActiveCfg = Debug|Any CPU
		{EA5C61EB-A93A-40E1-B4BA-8F70DE630D9A}.Debug|Any CPU.Build.0 = Debug|Any CPU
		{EA5C61EB-A93A-40E1-B4BA-8F70DE630D9A}.Release|Any CPU.ActiveCfg = Release|Any CPU
		{EA5C61EB-A93A-40E1-B4BA-8F70DE630D9A}.Release|Any CPU.Build.0 = Release|Any CPU
	EndGlobalSection
EndGlobal
